
Microsoft Visual Studio Solution File, Format Version 12.00
# Visual Studio Version 17
VisualStudioVersion = 17.2.32630.192
MinimumVisualStudioVersion = 10.0.40219.1
Project("{2150E333-8FDC-42A3-9474-1A3956D46DE8}") = "Docs", "Docs", "{2F454B2E-AC9E-4284-B9E7-4F9D2B62C0FF}"
	ProjectSection(SolutionItems) = preProject
		README.md = README.md
	EndProjectSection
EndProject
Project("{2150E333-8FDC-42A3-9474-1A3956D46DE8}") = "BBVAA.Contracts.ExcelAddin", "BBVAA.Contracts.ExcelAddin", "{3FE47611-FA84-4F5A-BE8D-0DF99DA93B24}"
EndProject
Project("{2150E333-8FDC-42A3-9474-1A3956D46DE8}") = "BBVA.Contracts.APIs", "BBVA.Contracts.APIs", "{AB7CBD10-766F-4EB6-968C-6F044F4CBF03}"
EndProject
Project("{9A19103F-16F7-4668-BE54-9A1E7A4F7556}") = "CPrice.API", "CPrice.API\CPrice.API.csproj", "{8355CE43-01D6-4FE1-AF43-B60C6D0F4AAA}"
EndProject
Project("{FAE04EC0-301F-11D3-BF4B-00C04F79EFBC}") = "Contracts.ExcelAddIn", "Contracts.ExcelAddIn\Contracts.ExcelAddIn.csproj", "{5D81752D-31AA-4452-9F37-9B4B9EDA6AD4}"
EndProject
Project("{2150E333-8FDC-42A3-9474-1A3956D46DE8}") = "BBVA.Contracts.Modules", "BBVA.Contracts.Modules", "{392439C5-8AD2-447A-909B-10C51C3AF722}"
EndProject
Project("{FAE04EC0-301F-11D3-BF4B-00C04F79EFBC}") = "Contracts.Module.Auth", "Contracts.Module.Auth\Contracts.Module.Auth.csproj", "{35075076-3999-4200-AB46-610BA91A9B21}"
EndProject
Project("{FAE04EC0-301F-11D3-BF4B-00C04F79EFBC}") = "Contracts.Module.Converter", "Contracts.Module.Converter\Contracts.Module.Converter.csproj", "{8D5C6E57-8F23-40B3-BC55-8730AAC64E0B}"
EndProject
Project("{2150E333-8FDC-42A3-9474-1A3956D46DE8}") = "Global", "Global", "{2D6322CF-37C1-4CA4-8699-568EAA76A955}"
EndProject
Project("{2150E333-8FDC-42A3-9474-1A3956D46DE8}") = "CPrice", "CPrice", "{43B92C05-FC48-4094-B488-0713D7242062}"
EndProject
Project("{FAE04EC0-301F-11D3-BF4B-00C04F79EFBC}") = "Contracts.Module.CPrice.Autocall", "Contracts.Module.CPrice.Autocall\Contracts.Module.CPrice.Autocall.csproj", "{7A18A1E8-358D-43A3-BEEB-E23E3E5B080E}"
EndProject
Project("{FAE04EC0-301F-11D3-BF4B-00C04F79EFBC}") = "Contracts.Module.ExcelPricer", "Contracts.Module.ExcelPricer\Contracts.Module.ExcelPricer.csproj", "{C15AD799-7F00-42CF-88BF-2777C65C256D}"
EndProject
Project("{FAE04EC0-301F-11D3-BF4B-00C04F79EFBC}") = "Contracts.Module.Services", "Contracts.Module.Services\Contracts.Module.Services.csproj", "{15183B3B-32FB-4824-9FD2-F936D61E1110}"
EndProject
Project("{2150E333-8FDC-42A3-9474-1A3956D46DE8}") = "BBVA.Contracts.Data", "BBVA.Contracts.Data", "{48810942-7D38-4B39-A950-93064B012A03}"
EndProject
Project("{FAE04EC0-301F-11D3-BF4B-00C04F79EFBC}") = "Contracts.Data.Model", "Contracts.Data.Model\Contracts.Data.Model.csproj", "{37E1F5E6-2CCB-4047-ACE7-32387D7EFC35}"
EndProject
Global
	GlobalSection(SolutionConfigurationPlatforms) = preSolution
		Debug|Any CPU = Debug|Any CPU
		Release|Any CPU = Release|Any CPU
	EndGlobalSection
	GlobalSection(ProjectConfigurationPlatforms) = postSolution
		{8355CE43-01D6-4FE1-AF43-B60C6D0F4AAA}.Debug|Any CPU.ActiveCfg = Debug|Any CPU
		{8355CE43-01D6-4FE1-AF43-B60C6D0F4AAA}.Debug|Any CPU.Build.0 = Debug|Any CPU
		{8355CE43-01D6-4FE1-AF43-B60C6D0F4AAA}.Release|Any CPU.ActiveCfg = Release|Any CPU
		{8355CE43-01D6-4FE1-AF43-B60C6D0F4AAA}.Release|Any CPU.Build.0 = Release|Any CPU
		{5D81752D-31AA-4452-9F37-9B4B9EDA6AD4}.Debug|Any CPU.ActiveCfg = Debug|Any CPU
		{5D81752D-31AA-4452-9F37-9B4B9EDA6AD4}.Debug|Any CPU.Build.0 = Debug|Any CPU
		{5D81752D-31AA-4452-9F37-9B4B9EDA6AD4}.Release|Any CPU.ActiveCfg = Release|Any CPU
		{5D81752D-31AA-4452-9F37-9B4B9EDA6AD4}.Release|Any CPU.Build.0 = Release|Any CPU
		{35075076-3999-4200-AB46-610BA91A9B21}.Debug|Any CPU.ActiveCfg = Debug|Any CPU
		{35075076-3999-4200-AB46-610BA91A9B21}.Debug|Any CPU.Build.0 = Debug|Any CPU
		{35075076-3999-4200-AB46-610BA91A9B21}.Release|Any CPU.ActiveCfg = Release|Any CPU
		{35075076-3999-4200-AB46-610BA91A9B21}.Release|Any CPU.Build.0 = Release|Any CPU
		{8D5C6E57-8F23-40B3-BC55-8730AAC64E0B}.Debug|Any CPU.ActiveCfg = Debug|Any CPU
		{8D5C6E57-8F23-40B3-BC55-8730AAC64E0B}.Debug|Any CPU.Build.0 = Debug|Any CPU
		{8D5C6E57-8F23-40B3-BC55-8730AAC64E0B}.Release|Any CPU.ActiveCfg = Release|Any CPU
		{8D5C6E57-8F23-40B3-BC55-8730AAC64E0B}.Release|Any CPU.Build.0 = Release|Any CPU
		{7A18A1E8-358D-43A3-BEEB-E23E3E5B080E}.Debug|Any CPU.ActiveCfg = Debug|Any CPU
		{7A18A1E8-358D-43A3-BEEB-E23E3E5B080E}.Debug|Any CPU.Build.0 = Debug|Any CPU
		{7A18A1E8-358D-43A3-BEEB-E23E3E5B080E}.Release|Any CPU.ActiveCfg = Release|Any CPU
		{7A18A1E8-358D-43A3-BEEB-E23E3E5B080E}.Release|Any CPU.Build.0 = Release|Any CPU
		{C15AD799-7F00-42CF-88BF-2777C65C256D}.Debug|Any CPU.ActiveCfg = Debug|Any CPU
		{C15AD799-7F00-42CF-88BF-2777C65C256D}.Debug|Any CPU.Build.0 = Debug|Any CPU
		{C15AD799-7F00-42CF-88BF-2777C65C256D}.Release|Any CPU.ActiveCfg = Release|Any CPU
		{C15AD799-7F00-42CF-88BF-2777C65C256D}.Release|Any CPU.Build.0 = Release|Any CPU
		{15183B3B-32FB-4824-9FD2-F936D61E1110}.Debug|Any CPU.ActiveCfg = Debug|Any CPU
		{15183B3B-32FB-4824-9FD2-F936D61E1110}.Debug|Any CPU.Build.0 = Debug|Any CPU
		{15183B3B-32FB-4824-9FD2-F936D61E1110}.Release|Any CPU.ActiveCfg = Release|Any CPU
		{15183B3B-32FB-4824-9FD2-F936D61E1110}.Release|Any CPU.Build.0 = Release|Any CPU
		{37E1F5E6-2CCB-4047-ACE7-32387D7EFC35}.Debug|Any CPU.ActiveCfg = Debug|Any CPU
		{37E1F5E6-2CCB-4047-ACE7-32387D7EFC35}.Debug|Any CPU.Build.0 = Debug|Any CPU
		{37E1F5E6-2CCB-4047-ACE7-32387D7EFC35}.Release|Any CPU.ActiveCfg = Release|Any CPU
		{37E1F5E6-2CCB-4047-ACE7-32387D7EFC35}.Release|Any CPU.Build.0 = Release|Any CPU
	EndGlobalSection
	GlobalSection(SolutionProperties) = preSolution
		HideSolutionNode = FALSE
	EndGlobalSection
	GlobalSection(NestedProjects) = preSolution
		{8355CE43-01D6-4FE1-AF43-B60C6D0F4AAA} = {AB7CBD10-766F-4EB6-968C-6F044F4CBF03}
		{5D81752D-31AA-4452-9F37-9B4B9EDA6AD4} = {3FE47611-FA84-4F5A-BE8D-0DF99DA93B24}
		{35075076-3999-4200-AB46-610BA91A9B21} = {2D6322CF-37C1-4CA4-8699-568EAA76A955}
		{8D5C6E57-8F23-40B3-BC55-8730AAC64E0B} = {2D6322CF-37C1-4CA4-8699-568EAA76A955}
		{2D6322CF-37C1-4CA4-8699-568EAA76A955} = {392439C5-8AD2-447A-909B-10C51C3AF722}
		{43B92C05-FC48-4094-B488-0713D7242062} = {392439C5-8AD2-447A-909B-10C51C3AF722}
		{7A18A1E8-358D-43A3-BEEB-E23E3E5B080E} = {43B92C05-FC48-4094-B488-0713D7242062}
		{C15AD799-7F00-42CF-88BF-2777C65C256D} = {43B92C05-FC48-4094-B488-0713D7242062}
		{15183B3B-32FB-4824-9FD2-F936D61E1110} = {2D6322CF-37C1-4CA4-8699-568EAA76A955}
		{37E1F5E6-2CCB-4047-ACE7-32387D7EFC35} = {48810942-7D38-4B39-A950-93064B012A03}
	EndGlobalSection
	GlobalSection(ExtensibilityGlobals) = postSolution
		SolutionGuid = {B2526019-0007-4777-BE47-0449AB26DE01}
	EndGlobalSection
EndGlobal
