
Microsoft Visual Studio Solution File, Format Version 12.00
# Visual Studio 15
VisualStudioVersion = 15.0.28307.2017
MinimumVisualStudioVersion = 10.0.40219.1
Project("{FAE04EC0-301F-11D3-BF4B-00C04F79EFBC}") = "TestExcelWebAddIn", "TestExcelWebAddIn\TestExcelWebAddIn.csproj", "{3433F7AA-F8E1-4074-B396-5F3E08444AF2}"
EndProject
Project("{FAE04EC0-301F-11D3-BF4B-00C04F79EFBC}") = "TestExcelWebAddInWeb", "TestExcelWebAddInWeb\TestExcelWebAddInWeb.csproj", "{1574E642-9B67-4BB9-A2AC-524F3050C105}"
EndProject
Project("{FAE04EC0-301F-11D3-BF4B-00C04F79EFBC}") = "Pricer.ExcelAddIn", "Pricer.ExcelAddIn\Pricer.ExcelAddIn.csproj", "{5D81752D-31AA-4452-9F37-9B4B9EDA6AD4}"
EndProject
Global
	GlobalSection(SolutionConfigurationPlatforms) = preSolution
		Debug|Any CPU = Debug|Any CPU
		Release|Any CPU = Release|Any CPU
	EndGlobalSection
	GlobalSection(ProjectConfigurationPlatforms) = postSolution
		{3433F7AA-F8E1-4074-B396-5F3E08444AF2}.Debug|Any CPU.ActiveCfg = Debug|Any CPU
		{3433F7AA-F8E1-4074-B396-5F3E08444AF2}.Debug|Any CPU.Build.0 = Debug|Any CPU
		{3433F7AA-F8E1-4074-B396-5F3E08444AF2}.Debug|Any CPU.Deploy.0 = Debug|Any CPU
		{3433F7AA-F8E1-4074-B396-5F3E08444AF2}.Release|Any CPU.ActiveCfg = Release|Any CPU
		{3433F7AA-F8E1-4074-B396-5F3E08444AF2}.Release|Any CPU.Build.0 = Release|Any CPU
		{3433F7AA-F8E1-4074-B396-5F3E08444AF2}.Release|Any CPU.Deploy.0 = Release|Any CPU
		{1574E642-9B67-4BB9-A2AC-524F3050C105}.Debug|Any CPU.ActiveCfg = Debug|Any CPU
		{1574E642-9B67-4BB9-A2AC-524F3050C105}.Debug|Any CPU.Build.0 = Debug|Any CPU
		{1574E642-9B67-4BB9-A2AC-524F3050C105}.Release|Any CPU.ActiveCfg = Release|Any CPU
		{1574E642-9B67-4BB9-A2AC-524F3050C105}.Release|Any CPU.Build.0 = Release|Any CPU
		{5D81752D-31AA-4452-9F37-9B4B9EDA6AD4}.Debug|Any CPU.ActiveCfg = Debug|Any CPU
		{5D81752D-31AA-4452-9F37-9B4B9EDA6AD4}.Debug|Any CPU.Build.0 = Debug|Any CPU
		{5D81752D-31AA-4452-9F37-9B4B9EDA6AD4}.Release|Any CPU.ActiveCfg = Release|Any CPU
		{5D81752D-31AA-4452-9F37-9B4B9EDA6AD4}.Release|Any CPU.Build.0 = Release|Any CPU
	EndGlobalSection
	GlobalSection(SolutionProperties) = preSolution
		HideSolutionNode = FALSE
	EndGlobalSection
	GlobalSection(ExtensibilityGlobals) = postSolution
		SolutionGuid = {B2526019-0007-4777-BE47-0449AB26DE01}
	EndGlobalSection
EndGlobal
